
Microsoft Visual Studio Solution File, Format Version 12.00
# Visual Studio 2013
VisualStudioVersion = 12.0.30723.0
MinimumVisualStudioVersion = 10.0.40219.1
Project("{8BC9CEB8-8B4A-11D0-8D11-00A0C91BC942}") = "WakaTimePSPlugin", "WakaTimePSPlugin\WakaTimePSPlugin.vcxproj", "{87463C71-62C9-4DD8-A494-62588C4B03DA}"
EndProject
Global
	GlobalSection(SolutionConfigurationPlatforms) = preSolution
		Debug|Win32 = Debug|Win32
		Debug|x64 = Debug|x64
		Release|Win32 = Release|Win32
		Release|x64 = Release|x64
	EndGlobalSection
	GlobalSection(ProjectConfigurationPlatforms) = postSolution
		{87463C71-62C9-4DD8-A494-62588C4B03DA}.Debug|Win32.ActiveCfg = Debug|Win32
		{87463C71-62C9-4DD8-A494-62588C4B03DA}.Debug|Win32.Build.0 = Debug|Win32
		{87463C71-62C9-4DD8-A494-62588C4B03DA}.Debug|x64.ActiveCfg = Debug|x64
		{87463C71-62C9-4DD8-A494-62588C4B03DA}.Debug|x64.Build.0 = Debug|x64
		{87463C71-62C9-4DD8-A494-62588C4B03DA}.Release|Win32.ActiveCfg = Release|Win32
		{87463C71-62C9-4DD8-A494-62588C4B03DA}.Release|Win32.Build.0 = Release|Win32
		{87463C71-62C9-4DD8-A494-62588C4B03DA}.Release|x64.ActiveCfg = Release|x64
		{87463C71-62C9-4DD8-A494-62588C4B03DA}.Release|x64.Build.0 = Release|x64
	EndGlobalSection
	GlobalSection(SolutionProperties) = preSolution
		HideSolutionNode = FALSE
	EndGlobalSection
EndGlobal
